// !$*UTF8*$!
{
	archiveVersion = 1;
	classes = {
	};
	objectVersion = 46;
	objects = {

/* Begin PBXBuildFile section */
		8070F0631AEEE05000AB4E34 /* AppDelegate.swift in Sources */ = {isa = PBXBuildFile; fileRef = 8070F0621AEEE05000AB4E34 /* AppDelegate.swift */; };
		8070F0651AEEE05000AB4E34 /* ViewController.swift in Sources */ = {isa = PBXBuildFile; fileRef = 8070F0641AEEE05000AB4E34 /* ViewController.swift */; };
		8070F0681AEEE05000AB4E34 /* Main.storyboard in Resources */ = {isa = PBXBuildFile; fileRef = 8070F0661AEEE05000AB4E34 /* Main.storyboard */; };
		8070F06A1AEEE05000AB4E34 /* Images.xcassets in Resources */ = {isa = PBXBuildFile; fileRef = 8070F0691AEEE05000AB4E34 /* Images.xcassets */; };
		8070F06D1AEEE05000AB4E34 /* LaunchScreen.xib in Resources */ = {isa = PBXBuildFile; fileRef = 8070F06B1AEEE05000AB4E34 /* LaunchScreen.xib */; };
		8070F0791AEEE05000AB4E34 /* talkwithmeTests.swift in Sources */ = {isa = PBXBuildFile; fileRef = 8070F0781AEEE05000AB4E34 /* talkwithmeTests.swift */; };
		8070F0831AEFB7A400AB4E34 /* GoogleMobileAds.framework in Frameworks */ = {isa = PBXBuildFile; fileRef = 8070F0821AEFB7A400AB4E34 /* GoogleMobileAds.framework */; };
		8070F0851AEFB7C700AB4E34 /* AdSupport.framework in Frameworks */ = {isa = PBXBuildFile; fileRef = 8070F0841AEFB7C700AB4E34 /* AdSupport.framework */; };
		8070F0871AEFB7CE00AB4E34 /* AudioToolbox.framework in Frameworks */ = {isa = PBXBuildFile; fileRef = 8070F0861AEFB7CE00AB4E34 /* AudioToolbox.framework */; };
		8070F0891AEFB7D900AB4E34 /* AVFoundation.framework in Frameworks */ = {isa = PBXBuildFile; fileRef = 8070F0881AEFB7D900AB4E34 /* AVFoundation.framework */; };
		8070F08B1AEFB7E500AB4E34 /* CoreGraphics.framework in Frameworks */ = {isa = PBXBuildFile; fileRef = 8070F08A1AEFB7E500AB4E34 /* CoreGraphics.framework */; };
		8070F08D1AEFB7F600AB4E34 /* CoreTelephony.framework in Frameworks */ = {isa = PBXBuildFile; fileRef = 8070F08C1AEFB7F600AB4E34 /* CoreTelephony.framework */; };
		8070F0901AEFB80600AB4E34 /* EventKit.framework in Frameworks */ = {isa = PBXBuildFile; fileRef = 8070F08E1AEFB80600AB4E34 /* EventKit.framework */; };
		8070F0911AEFB80600AB4E34 /* EventKitUI.framework in Frameworks */ = {isa = PBXBuildFile; fileRef = 8070F08F1AEFB80600AB4E34 /* EventKitUI.framework */; };
		8070F0931AEFB81500AB4E34 /* MessageUI.framework in Frameworks */ = {isa = PBXBuildFile; fileRef = 8070F0921AEFB81500AB4E34 /* MessageUI.framework */; };
		8070F0951AEFB82F00AB4E34 /* StoreKit.framework in Frameworks */ = {isa = PBXBuildFile; fileRef = 8070F0941AEFB82F00AB4E34 /* StoreKit.framework */; };
		8070F0971AEFB83C00AB4E34 /* SystemConfiguration.framework in Frameworks */ = {isa = PBXBuildFile; fileRef = 8070F0961AEFB83C00AB4E34 /* SystemConfiguration.framework */; };
/* End PBXBuildFile section */

/* Begin PBXContainerItemProxy section */
		8070F0731AEEE05000AB4E34 /* PBXContainerItemProxy */ = {
			isa = PBXContainerItemProxy;
			containerPortal = 8070F0551AEEE05000AB4E34 /* Project object */;
			proxyType = 1;
			remoteGlobalIDString = 8070F05C1AEEE05000AB4E34;
			remoteInfo = talkwithme;
		};
/* End PBXContainerItemProxy section */

/* Begin PBXFileReference section */
		8070F05D1AEEE05000AB4E34 /* talkwithme.app */ = {isa = PBXFileReference; explicitFileType = wrapper.application; includeInIndex = 0; path = talkwithme.app; sourceTree = BUILT_PRODUCTS_DIR; };
		8070F0611AEEE05000AB4E34 /* Info.plist */ = {isa = PBXFileReference; lastKnownFileType = text.plist.xml; path = Info.plist; sourceTree = "<group>"; };
		8070F0621AEEE05000AB4E34 /* AppDelegate.swift */ = {isa = PBXFileReference; lastKnownFileType = sourcecode.swift; path = AppDelegate.swift; sourceTree = "<group>"; };
		8070F0641AEEE05000AB4E34 /* ViewController.swift */ = {isa = PBXFileReference; lastKnownFileType = sourcecode.swift; path = ViewController.swift; sourceTree = "<group>"; };
		8070F0671AEEE05000AB4E34 /* Base */ = {isa = PBXFileReference; lastKnownFileType = file.storyboard; name = Base; path = Base.lproj/Main.storyboard; sourceTree = "<group>"; };
		8070F0691AEEE05000AB4E34 /* Images.xcassets */ = {isa = PBXFileReference; lastKnownFileType = folder.assetcatalog; path = Images.xcassets; sourceTree = "<group>"; };
		8070F06C1AEEE05000AB4E34 /* Base */ = {isa = PBXFileReference; lastKnownFileType = file.xib; name = Base; path = Base.lproj/LaunchScreen.xib; sourceTree = "<group>"; };
		8070F0721AEEE05000AB4E34 /* talkwithmeTests.xctest */ = {isa = PBXFileReference; explicitFileType = wrapper.cfbundle; includeInIndex = 0; path = talkwithmeTests.xctest; sourceTree = BUILT_PRODUCTS_DIR; };
		8070F0771AEEE05000AB4E34 /* Info.plist */ = {isa = PBXFileReference; lastKnownFileType = text.plist.xml; path = Info.plist; sourceTree = "<group>"; };
		8070F0781AEEE05000AB4E34 /* talkwithmeTests.swift */ = {isa = PBXFileReference; lastKnownFileType = sourcecode.swift; path = talkwithmeTests.swift; sourceTree = "<group>"; };
		8070F0821AEFB7A400AB4E34 /* GoogleMobileAds.framework */ = {isa = PBXFileReference; lastKnownFileType = wrapper.framework; name = GoogleMobileAds.framework; path = "SDKs/GoogleMobileAdsSdkiOS-7.1.0/GoogleMobileAds.framework"; sourceTree = "<group>"; };
		8070F0841AEFB7C700AB4E34 /* AdSupport.framework */ = {isa = PBXFileReference; lastKnownFileType = wrapper.framework; name = AdSupport.framework; path = System/Library/Frameworks/AdSupport.framework; sourceTree = SDKROOT; };
		8070F0861AEFB7CE00AB4E34 /* AudioToolbox.framework */ = {isa = PBXFileReference; lastKnownFileType = wrapper.framework; name = AudioToolbox.framework; path = System/Library/Frameworks/AudioToolbox.framework; sourceTree = SDKROOT; };
		8070F0881AEFB7D900AB4E34 /* AVFoundation.framework */ = {isa = PBXFileReference; lastKnownFileType = wrapper.framework; name = AVFoundation.framework; path = System/Library/Frameworks/AVFoundation.framework; sourceTree = SDKROOT; };
		8070F08A1AEFB7E500AB4E34 /* CoreGraphics.framework */ = {isa = PBXFileReference; lastKnownFileType = wrapper.framework; name = CoreGraphics.framework; path = System/Library/Frameworks/CoreGraphics.framework; sourceTree = SDKROOT; };
		8070F08C1AEFB7F600AB4E34 /* CoreTelephony.framework */ = {isa = PBXFileReference; lastKnownFileType = wrapper.framework; name = CoreTelephony.framework; path = System/Library/Frameworks/CoreTelephony.framework; sourceTree = SDKROOT; };
		8070F08E1AEFB80600AB4E34 /* EventKit.framework */ = {isa = PBXFileReference; lastKnownFileType = wrapper.framework; name = EventKit.framework; path = System/Library/Frameworks/EventKit.framework; sourceTree = SDKROOT; };
		8070F08F1AEFB80600AB4E34 /* EventKitUI.framework */ = {isa = PBXFileReference; lastKnownFileType = wrapper.framework; name = EventKitUI.framework; path = System/Library/Frameworks/EventKitUI.framework; sourceTree = SDKROOT; };
		8070F0921AEFB81500AB4E34 /* MessageUI.framework */ = {isa = PBXFileReference; lastKnownFileType = wrapper.framework; name = MessageUI.framework; path = System/Library/Frameworks/MessageUI.framework; sourceTree = SDKROOT; };
		8070F0941AEFB82F00AB4E34 /* StoreKit.framework */ = {isa = PBXFileReference; lastKnownFileType = wrapper.framework; name = StoreKit.framework; path = System/Library/Frameworks/StoreKit.framework; sourceTree = SDKROOT; };
		8070F0961AEFB83C00AB4E34 /* SystemConfiguration.framework */ = {isa = PBXFileReference; lastKnownFileType = wrapper.framework; name = SystemConfiguration.framework; path = System/Library/Frameworks/SystemConfiguration.framework; sourceTree = SDKROOT; };
/* End PBXFileReference section */

/* Begin PBXFrameworksBuildPhase section */
		8070F05A1AEEE05000AB4E34 /* Frameworks */ = {
			isa = PBXFrameworksBuildPhase;
			buildActionMask = 2147483647;
			files = (
				8070F0971AEFB83C00AB4E34 /* SystemConfiguration.framework in Frameworks */,
				8070F0951AEFB82F00AB4E34 /* StoreKit.framework in Frameworks */,
				8070F0931AEFB81500AB4E34 /* MessageUI.framework in Frameworks */,
				8070F0901AEFB80600AB4E34 /* EventKit.framework in Frameworks */,
				8070F0911AEFB80600AB4E34 /* EventKitUI.framework in Frameworks */,
				8070F08D1AEFB7F600AB4E34 /* CoreTelephony.framework in Frameworks */,
				8070F08B1AEFB7E500AB4E34 /* CoreGraphics.framework in Frameworks */,
				8070F0891AEFB7D900AB4E34 /* AVFoundation.framework in Frameworks */,
				8070F0871AEFB7CE00AB4E34 /* AudioToolbox.framework in Frameworks */,
				8070F0851AEFB7C700AB4E34 /* AdSupport.framework in Frameworks */,
				8070F0831AEFB7A400AB4E34 /* GoogleMobileAds.framework in Frameworks */,
			);
			runOnlyForDeploymentPostprocessing = 0;
		};
		8070F06F1AEEE05000AB4E34 /* Frameworks */ = {
			isa = PBXFrameworksBuildPhase;
			buildActionMask = 2147483647;
			files = (
			);
			runOnlyForDeploymentPostprocessing = 0;
		};
/* End PBXFrameworksBuildPhase section */

/* Begin PBXGroup section */
		8070F0541AEEE05000AB4E34 = {
			isa = PBXGroup;
			children = (
				8070F0961AEFB83C00AB4E34 /* SystemConfiguration.framework */,
				8070F0941AEFB82F00AB4E34 /* StoreKit.framework */,
				8070F0921AEFB81500AB4E34 /* MessageUI.framework */,
				8070F08E1AEFB80600AB4E34 /* EventKit.framework */,
				8070F08F1AEFB80600AB4E34 /* EventKitUI.framework */,
				8070F08C1AEFB7F600AB4E34 /* CoreTelephony.framework */,
				8070F08A1AEFB7E500AB4E34 /* CoreGraphics.framework */,
				8070F0881AEFB7D900AB4E34 /* AVFoundation.framework */,
				8070F0861AEFB7CE00AB4E34 /* AudioToolbox.framework */,
				8070F0841AEFB7C700AB4E34 /* AdSupport.framework */,
				8070F0821AEFB7A400AB4E34 /* GoogleMobileAds.framework */,
				8070F05F1AEEE05000AB4E34 /* talkwithme */,
				8070F0751AEEE05000AB4E34 /* talkwithmeTests */,
				8070F05E1AEEE05000AB4E34 /* Products */,
			);
			sourceTree = "<group>";
		};
		8070F05E1AEEE05000AB4E34 /* Products */ = {
			isa = PBXGroup;
			children = (
				8070F05D1AEEE05000AB4E34 /* talkwithme.app */,
				8070F0721AEEE05000AB4E34 /* talkwithmeTests.xctest */,
			);
			name = Products;
			sourceTree = "<group>";
		};
		8070F05F1AEEE05000AB4E34 /* talkwithme */ = {
			isa = PBXGroup;
			children = (
				8070F0621AEEE05000AB4E34 /* AppDelegate.swift */,
				8070F0641AEEE05000AB4E34 /* ViewController.swift */,
				8070F0661AEEE05000AB4E34 /* Main.storyboard */,
				8070F0691AEEE05000AB4E34 /* Images.xcassets */,
				8070F06B1AEEE05000AB4E34 /* LaunchScreen.xib */,
				8070F0601AEEE05000AB4E34 /* Supporting Files */,
			);
			path = talkwithme;
			sourceTree = "<group>";
		};
		8070F0601AEEE05000AB4E34 /* Supporting Files */ = {
			isa = PBXGroup;
			children = (
				8070F0611AEEE05000AB4E34 /* Info.plist */,
			);
			name = "Supporting Files";
			sourceTree = "<group>";
		};
		8070F0751AEEE05000AB4E34 /* talkwithmeTests */ = {
			isa = PBXGroup;
			children = (
				8070F0781AEEE05000AB4E34 /* talkwithmeTests.swift */,
				8070F0761AEEE05000AB4E34 /* Supporting Files */,
			);
			path = talkwithmeTests;
			sourceTree = "<group>";
		};
		8070F0761AEEE05000AB4E34 /* Supporting Files */ = {
			isa = PBXGroup;
			children = (
				8070F0771AEEE05000AB4E34 /* Info.plist */,
			);
			name = "Supporting Files";
			sourceTree = "<group>";
		};
/* End PBXGroup section */

/* Begin PBXNativeTarget section */
		8070F05C1AEEE05000AB4E34 /* talkwithme */ = {
			isa = PBXNativeTarget;
			buildConfigurationList = 8070F07C1AEEE05000AB4E34 /* Build configuration list for PBXNativeTarget "talkwithme" */;
			buildPhases = (
				8070F0591AEEE05000AB4E34 /* Sources */,
				8070F05A1AEEE05000AB4E34 /* Frameworks */,
				8070F05B1AEEE05000AB4E34 /* Resources */,
			);
			buildRules = (
			);
			dependencies = (
			);
			name = talkwithme;
			productName = talkwithme;
			productReference = 8070F05D1AEEE05000AB4E34 /* talkwithme.app */;
			productType = "com.apple.product-type.application";
		};
		8070F0711AEEE05000AB4E34 /* talkwithmeTests */ = {
			isa = PBXNativeTarget;
			buildConfigurationList = 8070F07F1AEEE05000AB4E34 /* Build configuration list for PBXNativeTarget "talkwithmeTests" */;
			buildPhases = (
				8070F06E1AEEE05000AB4E34 /* Sources */,
				8070F06F1AEEE05000AB4E34 /* Frameworks */,
				8070F0701AEEE05000AB4E34 /* Resources */,
			);
			buildRules = (
			);
			dependencies = (
				8070F0741AEEE05000AB4E34 /* PBXTargetDependency */,
			);
			name = talkwithmeTests;
			productName = talkwithmeTests;
			productReference = 8070F0721AEEE05000AB4E34 /* talkwithmeTests.xctest */;
			productType = "com.apple.product-type.bundle.unit-test";
		};
/* End PBXNativeTarget section */

/* Begin PBXProject section */
		8070F0551AEEE05000AB4E34 /* Project object */ = {
			isa = PBXProject;
			attributes = {
				LastUpgradeCheck = 0630;
				ORGANIZATIONNAME = "Baris Demirdelen";
				TargetAttributes = {
					8070F05C1AEEE05000AB4E34 = {
						CreatedOnToolsVersion = 6.3.1;
						DevelopmentTeam = G8V5KXCKBF;
					};
					8070F0711AEEE05000AB4E34 = {
						CreatedOnToolsVersion = 6.3.1;
						TestTargetID = 8070F05C1AEEE05000AB4E34;
					};
				};
			};
			buildConfigurationList = 8070F0581AEEE05000AB4E34 /* Build configuration list for PBXProject "talkwithme" */;
			compatibilityVersion = "Xcode 3.2";
			developmentRegion = English;
			hasScannedForEncodings = 0;
			knownRegions = (
				en,
				Base,
			);
			mainGroup = 8070F0541AEEE05000AB4E34;
			productRefGroup = 8070F05E1AEEE05000AB4E34 /* Products */;
			projectDirPath = "";
			projectRoot = "";
			targets = (
				8070F05C1AEEE05000AB4E34 /* talkwithme */,
				8070F0711AEEE05000AB4E34 /* talkwithmeTests */,
			);
		};
/* End PBXProject section */

/* Begin PBXResourcesBuildPhase section */
		8070F05B1AEEE05000AB4E34 /* Resources */ = {
			isa = PBXResourcesBuildPhase;
			buildActionMask = 2147483647;
			files = (
				8070F0681AEEE05000AB4E34 /* Main.storyboard in Resources */,
				8070F06D1AEEE05000AB4E34 /* LaunchScreen.xib in Resources */,
				8070F06A1AEEE05000AB4E34 /* Images.xcassets in Resources */,
			);
			runOnlyForDeploymentPostprocessing = 0;
		};
		8070F0701AEEE05000AB4E34 /* Resources */ = {
			isa = PBXResourcesBuildPhase;
			buildActionMask = 2147483647;
			files = (
			);
			runOnlyForDeploymentPostprocessing = 0;
		};
/* End PBXResourcesBuildPhase section */

/* Begin PBXSourcesBuildPhase section */
		8070F0591AEEE05000AB4E34 /* Sources */ = {
			isa = PBXSourcesBuildPhase;
			buildActionMask = 2147483647;
			files = (
				8070F0651AEEE05000AB4E34 /* ViewController.swift in Sources */,
				8070F0631AEEE05000AB4E34 /* AppDelegate.swift in Sources */,
			);
			runOnlyForDeploymentPostprocessing = 0;
		};
		8070F06E1AEEE05000AB4E34 /* Sources */ = {
			isa = PBXSourcesBuildPhase;
			buildActionMask = 2147483647;
			files = (
				8070F0791AEEE05000AB4E34 /* talkwithmeTests.swift in Sources */,
			);
			runOnlyForDeploymentPostprocessing = 0;
		};
/* End PBXSourcesBuildPhase section */

/* Begin PBXTargetDependency section */
		8070F0741AEEE05000AB4E34 /* PBXTargetDependency */ = {
			isa = PBXTargetDependency;
			target = 8070F05C1AEEE05000AB4E34 /* talkwithme */;
			targetProxy = 8070F0731AEEE05000AB4E34 /* PBXContainerItemProxy */;
		};
/* End PBXTargetDependency section */

/* Begin PBXVariantGroup section */
		8070F0661AEEE05000AB4E34 /* Main.storyboard */ = {
			isa = PBXVariantGroup;
			children = (
				8070F0671AEEE05000AB4E34 /* Base */,
			);
			name = Main.storyboard;
			sourceTree = "<group>";
		};
		8070F06B1AEEE05000AB4E34 /* LaunchScreen.xib */ = {
			isa = PBXVariantGroup;
			children = (
				8070F06C1AEEE05000AB4E34 /* Base */,
			);
			name = LaunchScreen.xib;
			sourceTree = "<group>";
		};
/* End PBXVariantGroup section */

/* Begin XCBuildConfiguration section */
		8070F07A1AEEE05000AB4E34 /* Debug */ = {
			isa = XCBuildConfiguration;
			buildSettings = {
				ALWAYS_SEARCH_USER_PATHS = NO;
				CLANG_CXX_LANGUAGE_STANDARD = "gnu++0x";
				CLANG_CXX_LIBRARY = "libc++";
				CLANG_ENABLE_MODULES = YES;
				CLANG_ENABLE_OBJC_ARC = YES;
				CLANG_WARN_BOOL_CONVERSION = YES;
				CLANG_WARN_CONSTANT_CONVERSION = YES;
				CLANG_WARN_DIRECT_OBJC_ISA_USAGE = YES_ERROR;
				CLANG_WARN_EMPTY_BODY = YES;
				CLANG_WARN_ENUM_CONVERSION = YES;
				CLANG_WARN_INT_CONVERSION = YES;
				CLANG_WARN_OBJC_ROOT_CLASS = YES_ERROR;
				CLANG_WARN_UNREACHABLE_CODE = YES;
				CLANG_WARN__DUPLICATE_METHOD_MATCH = YES;
				"CODE_SIGN_IDENTITY[sdk=iphoneos*]" = "iPhone Developer";
				COPY_PHASE_STRIP = NO;
				DEBUG_INFORMATION_FORMAT = "dwarf-with-dsym";
				ENABLE_STRICT_OBJC_MSGSEND = YES;
				GCC_C_LANGUAGE_STANDARD = gnu99;
				GCC_DYNAMIC_NO_PIC = NO;
				GCC_NO_COMMON_BLOCKS = YES;
				GCC_OPTIMIZATION_LEVEL = 0;
				GCC_PREPROCESSOR_DEFINITIONS = (
					"DEBUG=1",
					"$(inherited)",
				);
				GCC_SYMBOLS_PRIVATE_EXTERN = NO;
				GCC_WARN_64_TO_32_BIT_CONVERSION = YES;
				GCC_WARN_ABOUT_RETURN_TYPE = YES_ERROR;
				GCC_WARN_UNDECLARED_SELECTOR = YES;
				GCC_WARN_UNINITIALIZED_AUTOS = YES_AGGRESSIVE;
				GCC_WARN_UNUSED_FUNCTION = YES;
				GCC_WARN_UNUSED_VARIABLE = YES;
				IPHONEOS_DEPLOYMENT_TARGET = 8.3;
				MTL_ENABLE_DEBUG_INFO = YES;
				ONLY_ACTIVE_ARCH = YES;
				SDKROOT = iphoneos;
				SWIFT_OPTIMIZATION_LEVEL = "-Onone";
				TARGETED_DEVICE_FAMILY = "1,2";
			};
			name = Debug;
		};
		8070F07B1AEEE05000AB4E34 /* Release */ = {
			isa = XCBuildConfiguration;
			buildSettings = {
				ALWAYS_SEARCH_USER_PATHS = NO;
				CLANG_CXX_LANGUAGE_STANDARD = "gnu++0x";
				CLANG_CXX_LIBRARY = "libc++";
				CLANG_ENABLE_MODULES = YES;
				CLANG_ENABLE_OBJC_ARC = YES;
				CLANG_WARN_BOOL_CONVERSION = YES;
				CLANG_WARN_CONSTANT_CONVERSION = YES;
				CLANG_WARN_DIRECT_OBJC_ISA_USAGE = YES_ERROR;
				CLANG_WARN_EMPTY_BODY = YES;
				CLANG_WARN_ENUM_CONVERSION = YES;
				CLANG_WARN_INT_CONVERSION = YES;
				CLANG_WARN_OBJC_ROOT_CLASS = YES_ERROR;
				CLANG_WARN_UNREACHABLE_CODE = YES;
				CLANG_WARN__DUPLICATE_METHOD_MATCH = YES;
				"CODE_SIGN_IDENTITY[sdk=iphoneos*]" = "iPhone Developer";
				COPY_PHASE_STRIP = NO;
				DEBUG_INFORMATION_FORMAT = "dwarf-with-dsym";
				ENABLE_NS_ASSERTIONS = NO;
				ENABLE_STRICT_OBJC_MSGSEND = YES;
				GCC_C_LANGUAGE_STANDARD = gnu99;
				GCC_NO_COMMON_BLOCKS = YES;
				GCC_WARN_64_TO_32_BIT_CONVERSION = YES;
				GCC_WARN_ABOUT_RETURN_TYPE = YES_ERROR;
				GCC_WARN_UNDECLARED_SELECTOR = YES;
				GCC_WARN_UNINITIALIZED_AUTOS = YES_AGGRESSIVE;
				GCC_WARN_UNUSED_FUNCTION = YES;
				GCC_WARN_UNUSED_VARIABLE = YES;
				IPHONEOS_DEPLOYMENT_TARGET = 8.3;
				MTL_ENABLE_DEBUG_INFO = NO;
				SDKROOT = iphoneos;
				TARGETED_DEVICE_FAMILY = "1,2";
				VALIDATE_PRODUCT = YES;
			};
			name = Release;
		};
		8070F07D1AEEE05000AB4E34 /* Debug */ = {
			isa = XCBuildConfiguration;
			buildSettings = {
				ASSETCATALOG_COMPILER_APPICON_NAME = AppIcon;
				CODE_SIGN_IDENTITY = "iPhone Developer";
				FRAMEWORK_SEARCH_PATHS = (
					"$(inherited)",
					"$(PROJECT_DIR)/SDKs/GoogleMobileAdsSdkiOS-7.1.0",
				);
				INFOPLIST_FILE = talkwithme/Info.plist;
				LD_RUNPATH_SEARCH_PATHS = "$(inherited) @executable_path/Frameworks";
				PRODUCT_NAME = "$(TARGET_NAME)";
			};
			name = Debug;
		};
		8070F07E1AEEE05000AB4E34 /* Release */ = {
			isa = XCBuildConfiguration;
			buildSettings = {
				ASSETCATALOG_COMPILER_APPICON_NAME = AppIcon;
				CODE_SIGN_IDENTITY = "iPhone Developer";
				FRAMEWORK_SEARCH_PATHS = (
					"$(inherited)",
					"$(PROJECT_DIR)/SDKs/GoogleMobileAdsSdkiOS-7.1.0",
				);
				INFOPLIST_FILE = talkwithme/Info.plist;
				LD_RUNPATH_SEARCH_PATHS = "$(inherited) @executable_path/Frameworks";
				PRODUCT_NAME = "$(TARGET_NAME)";
			};
			name = Release;
		};
		8070F0801AEEE05000AB4E34 /* Debug */ = {
			isa = XCBuildConfiguration;
			buildSettings = {
				BUNDLE_LOADER = "$(TEST_HOST)";
				FRAMEWORK_SEARCH_PATHS = (
					"$(SDKROOT)/Developer/Library/Frameworks",
					"$(inherited)",
				);
				GCC_PREPROCESSOR_DEFINITIONS = (
					"DEBUG=1",
					"$(inherited)",
				);
				INFOPLIST_FILE = talkwithmeTests/Info.plist;
				LD_RUNPATH_SEARCH_PATHS = "$(inherited) @executable_path/Frameworks @loader_path/Frameworks";
				PRODUCT_NAME = "$(TARGET_NAME)";
				TEST_HOST = "$(BUILT_PRODUCTS_DIR)/talkwithme.app/talkwithme";
			};
			name = Debug;
		};
		8070F0811AEEE05000AB4E34 /* Release */ = {
			isa = XCBuildConfiguration;
			buildSettings = {
				BUNDLE_LOADER = "$(TEST_HOST)";
				FRAMEWORK_SEARCH_PATHS = (
					"$(SDKROOT)/Developer/Library/Frameworks",
					"$(inherited)",
				);
				INFOPLIST_FILE = talkwithmeTests/Info.plist;
				LD_RUNPATH_SEARCH_PATHS = "$(inherited) @executable_path/Frameworks @loader_path/Frameworks";
				PRODUCT_NAME = "$(TARGET_NAME)";
				TEST_HOST = "$(BUILT_PRODUCTS_DIR)/talkwithme.app/talkwithme";
			};
			name = Release;
		};
/* End XCBuildConfiguration section */

/* Begin XCConfigurationList section */
		8070F0581AEEE05000AB4E34 /* Build configuration list for PBXProject "talkwithme" */ = {
			isa = XCConfigurationList;
			buildConfigurations = (
				8070F07A1AEEE05000AB4E34 /* Debug */,
				8070F07B1AEEE05000AB4E34 /* Release */,
			);
			defaultConfigurationIsVisible = 0;
			defaultConfigurationName = Release;
		};
		8070F07C1AEEE05000AB4E34 /* Build configuration list for PBXNativeTarget "talkwithme" */ = {
			isa = XCConfigurationList;
			buildConfigurations = (
				8070F07D1AEEE05000AB4E34 /* Debug */,
				8070F07E1AEEE05000AB4E34 /* Release */,
			);
			defaultConfigurationIsVisible = 0;
		};
		8070F07F1AEEE05000AB4E34 /* Build configuration list for PBXNativeTarget "talkwithmeTests" */ = {
			isa = XCConfigurationList;
			buildConfigurations = (
				8070F0801AEEE05000AB4E34 /* Debug */,
				8070F0811AEEE05000AB4E34 /* Release */,
			);
			defaultConfigurationIsVisible = 0;
		};
/* End XCConfigurationList section */
	};
	rootObject = 8070F0551AEEE05000AB4E34 /* Project object */;
}
